
Microsoft Visual Studio Solution File, Format Version 12.00
# Visual Studio Version 16
VisualStudioVersion = 16.0.31515.178
MinimumVisualStudioVersion = 10.0.40219.1
Project("{FAE04EC0-301F-11D3-BF4B-00C04F79EFBC}") = "WebApplication1", "WebApplication1\WebApplication1.csproj", "{113C0C58-AE5B-4C00-A747-4D9C78BDF827}"
EndProject
Global
	GlobalSection(SolutionConfigurationPlatforms) = preSolution
		Debug|Any CPU = Debug|Any CPU
		Release|Any CPU = Release|Any CPU
	EndGlobalSection
	GlobalSection(ProjectConfigurationPlatforms) = postSolution
		{113C0C58-AE5B-4C00-A747-4D9C78BDF827}.Debug|Any CPU.ActiveCfg = Debug|Any CPU
		{113C0C58-AE5B-4C00-A747-4D9C78BDF827}.Debug|Any CPU.Build.0 = Debug|Any CPU
		{113C0C58-AE5B-4C00-A747-4D9C78BDF827}.Release|Any CPU.ActiveCfg = Release|Any CPU
		{113C0C58-AE5B-4C00-A747-4D9C78BDF827}.Release|Any CPU.Build.0 = Release|Any CPU
	EndGlobalSection
	GlobalSection(SolutionProperties) = preSolution
		HideSolutionNode = FALSE
	EndGlobalSection
	GlobalSection(ExtensibilityGlobals) = postSolution
		SolutionGuid = {6E64D4CE-417E-4163-ACA1-5E1F5D5CF618}
	EndGlobalSection
EndGlobal
